
Microsoft Visual Studio Solution File, Format Version 12.00
# Visual Studio Version 16
VisualStudioVersion = 16.0.31205.134
MinimumVisualStudioVersion = 10.0.40219.1
Project("{2150E333-8FDC-42A3-9474-1A3956D46DE8}") = "CSS", "CSS", "{9EBBE9FF-8557-4B58-8FD0-9A48B22A4E6C}"
EndProject
Project("{2150E333-8FDC-42A3-9474-1A3956D46DE8}") = "HTML", "HTML", "{74C58F9D-43C6-4E51-80E3-BF784357D697}"
	ProjectSection(SolutionItems) = preProject
		1.1.html = 1.1.html
		1.2.html = 1.2.html
		1.3.html = 1.3.html
		1.4.html = 1.4.html
		1.5.html = 1.5.html
		1.6.html = 1.6.html
		2.1.html = 2.1.html
		2.2.html = 2.2.html
		2.3.html = 2.3.html
		2.4.html = 2.4.html
		2.5.html = 2.5.html
		2.6.html = 2.6.html
		2.7.html = 2.7.html
		2.8.html = 2.8.html
		3.1.html = 3.1.html
		3.2.html = 3.2.html
		3.3.html = 3.3.html
		3.4.html = 3.4.html
		4.1.html = 4.1.html
		4.2.html = 4.2.html
		4.3.html = 4.3.html
		4.4.html = 4.4.html
		4.5.html = 4.5.html
		5.1.html = 5.1.html
		5.2.html = 5.2.html
		5.3.html = 5.3.html
		5.4.html = 5.4.html
		5.5.html = 5.5.html
		6.1.html = 6.1.html
		6.2.html = 6.2.html
		6.3.html = 6.3.html
		6.4.html = 6.4.html
		6.5.html = 6.5.html
		6.6.html = 6.6.html
		7.1.html = 7.1.html
		7.2.html = 7.2.html
		..\mat\HTML\Lab_7\block_1.css = ..\mat\HTML\Lab_7\block_1.css
		..\mat\HTML\Lab_7\block_2.css = ..\mat\HTML\Lab_7\block_2.css
		..\mat\images\button_1.jpg = ..\mat\images\button_1.jpg
		..\mat\images\button_4.jpg = ..\mat\images\button_4.jpg
		..\mat\images\enot.jpg = ..\mat\images\enot.jpg
		Tulips.jpg = Tulips.jpg
		..\mat\HTML\Lab_5\video.mp4 = ..\mat\HTML\Lab_5\video.mp4
	EndProjectSection
EndProject
Global
	GlobalSection(SolutionProperties) = preSolution
		HideSolutionNode = FALSE
	EndGlobalSection
	GlobalSection(ExtensibilityGlobals) = postSolution
		SolutionGuid = {EAB60EE8-C777-4FD4-8138-C4F05ABC62F2}
	EndGlobalSection
EndGlobal
